PODS:
  - Alamofire (5.0.0-rc.2)
  - Hippolyte (0.8.0)

DEPENDENCIES:
  - Alamofire (~> 5.0.0-beta.3)
  - Alamofire (~> 5.0.0-rc.2)
  - Hippolyte (~> 0.8.0)

SPEC REPOS:
  https://github.com/cocoapods/specs.git:
    - Alamofire
    - Hippolyte

SPEC CHECKSUMS:
  Alamofire: f9450d3c7f6bea2ad62e7a541c3e9b186c7991d6
  Hippolyte: 7f1fa913662572567a5ce9094ea4bf337e49a9f4

PODFILE CHECKSUM: 6ae678a6a72f0e81762fa0d4beb90c7fe8dcbf54

COCOAPODS: 1.7.5
