PODS:
  - Alamofire (5.2.0)
  - Hippolyte (0.8.0)

DEPENDENCIES:
  - Alamofire (~> 5.2.0)
  - Hippolyte (~> 0.8.0)

SPEC REPOS:
  trunk:
    - Alamofire
    - Hippolyte

SPEC CHECKSUMS:
  Alamofire: c1ca147559e730bfb2182c8c7aafbdd90a867987
  Hippolyte: 7f1fa913662572567a5ce9094ea4bf337e49a9f4

PODFILE CHECKSUM: 841b3f5440beb9e71260acb3f9258bdd81bd04fc

COCOAPODS: 1.8.4
